
Microsoft Visual Studio Solution File, Format Version 12.00
# Visual Studio 15
VisualStudioVersion = 15.0.27130.2010
MinimumVisualStudioVersion = 10.0.40219.1
Project("{FAE04EC0-301F-11D3-BF4B-00C04F79EFBC}") = "ProjectEuler3", "ProjectEuler3\ProjectEuler3.csproj", "{2CCA3E26-6E7E-4E34-BB15-BC29CAB9B1A9}"
EndProject
Global
	GlobalSection(SolutionConfigurationPlatforms) = preSolution
		Debug|Any CPU = Debug|Any CPU
		Release|Any CPU = Release|Any CPU
	EndGlobalSection
	GlobalSection(ProjectConfigurationPlatforms) = postSolution
		{2CCA3E26-6E7E-4E34-BB15-BC29CAB9B1A9}.Debug|Any CPU.ActiveCfg = Debug|Any CPU
		{2CCA3E26-6E7E-4E34-BB15-BC29CAB9B1A9}.Debug|Any CPU.Build.0 = Debug|Any CPU
		{2CCA3E26-6E7E-4E34-BB15-BC29CAB9B1A9}.Release|Any CPU.ActiveCfg = Release|Any CPU
		{2CCA3E26-6E7E-4E34-BB15-BC29CAB9B1A9}.Release|Any CPU.Build.0 = Release|Any CPU
	EndGlobalSection
	GlobalSection(SolutionProperties) = preSolution
		HideSolutionNode = FALSE
	EndGlobalSection
	GlobalSection(ExtensibilityGlobals) = postSolution
		SolutionGuid = {AD218D7F-6317-4477-AA81-2E867F18FD55}
	EndGlobalSection
EndGlobal
